
Microsoft Visual Studio Solution File, Format Version 12.00
# Visual Studio Version 17
VisualStudioVersion = 17.7.34031.279
MinimumVisualStudioVersion = 10.0.40219.1
Project("{9A19103F-16F7-4668-BE54-9A1E7A4F7556}") = "ReaderWriter", "ReaderWriter\ReaderWriter.csproj", "{08B7D302-CA74-470E-84CD-496E14D5A211}"
EndProject
Project("{9A19103F-16F7-4668-BE54-9A1E7A4F7556}") = "XPathRequests", "XPathRequests\XPathRequests.csproj", "{0A767F73-44C3-40FE-85A1-24A40C634E69}"
EndProject
Project("{9A19103F-16F7-4668-BE54-9A1E7A4F7556}") = "XSDcheck", "XSDcheck\XSDcheck.csproj", "{04F0625E-F1FB-4193-A072-341B39EAC75F}"
EndProject
Project("{9A19103F-16F7-4668-BE54-9A1E7A4F7556}") = "Laba_3", "Laba_3\Laba_3.csproj", "{651F078A-223E-4D48-AF5C-A307EC2F0C2E}"
EndProject
Project("{9A19103F-16F7-4668-BE54-9A1E7A4F7556}") = "ClassLib_laba3", "ClassLib_laba3\ClassLib_laba3.csproj", "{D6D307C6-153D-4AB6-AC3F-2ECD2C0AE35E}"
EndProject
Project("{9A19103F-16F7-4668-BE54-9A1E7A4F7556}") = "WinForm_laba3", "WinForm_laba3\WinForm_laba3.csproj", "{7708CBD5-BDE7-49AD-B8DF-587D323F8BCA}"
EndProject
Project("{9A19103F-16F7-4668-BE54-9A1E7A4F7556}") = "Laba_4", "Laba_4\Laba_4.csproj", "{B495FB5B-507A-4A78-8577-130B8E28C03F}"
EndProject
Project("{9A19103F-16F7-4668-BE54-9A1E7A4F7556}") = "Samost_2", "Samost_2\Samost_2.csproj", "{E54F8B33-9399-462E-9BFF-83BF2FF3F78A}"
EndProject
Project("{9A19103F-16F7-4668-BE54-9A1E7A4F7556}") = "Samost_2_Form", "Samost_2_Form\Samost_2_Form.csproj", "{2C77E109-F90A-4881-BF7E-6448853F80C9}"
EndProject
Project("{9A19103F-16F7-4668-BE54-9A1E7A4F7556}") = "Laba_5", "Laba_5\Laba_5.csproj", "{A6745EBD-1F12-4196-B7B1-3AB334F1068E}"
EndProject
Project("{9A19103F-16F7-4668-BE54-9A1E7A4F7556}") = "Laba_5Form", "Laba_5Form\Laba_5Form.csproj", "{86BF0B0B-8FA0-45BB-ACBC-51003E13054E}"
EndProject
Project("{9A19103F-16F7-4668-BE54-9A1E7A4F7556}") = "Samost_3", "Samost_3\Samost_3.csproj", "{CA5C526C-5AB8-44CA-887E-DB68E7371D04}"
EndProject
Project("{FAE04EC0-301F-11D3-BF4B-00C04F79EFBC}") = "Samost_3.NET", "Samost_3.NET\Samost_3.NET.csproj", "{6B9F932F-38B3-44AD-BA1C-45CBDC155E4E}"
EndProject
Project("{9A19103F-16F7-4668-BE54-9A1E7A4F7556}") = "Laba_6", "Laba_6\Laba_6.csproj", "{23961964-5B5E-4A53-92B1-9E358D61F627}"
EndProject
Project("{9A19103F-16F7-4668-BE54-9A1E7A4F7556}") = "Samost_4Lib", "Samost_4Lib\Samost_4Lib.csproj", "{9B2FF433-E2C0-44F6-9B56-E60F7DFC0B0D}"
EndProject
Project("{9A19103F-16F7-4668-BE54-9A1E7A4F7556}") = "Samost_4Form", "Samost_4Form\Samost_4Form.csproj", "{1FE78832-7E45-4032-899E-C064FC096B5C}"
EndProject
Project("{FAE04EC0-301F-11D3-BF4B-00C04F79EFBC}") = "Samost_4Form.NET", "Samost_4Form.NET\Samost_4Form.NET.csproj", "{70DC55F8-920C-4926-9DBA-8041BCE3CC65}"
EndProject
Project("{FAE04EC0-301F-11D3-BF4B-00C04F79EFBC}") = "Test", "Test\Test.csproj", "{BB146138-EEF3-48F8-A838-3387A816047D}"
EndProject
Project("{FAE04EC0-301F-11D3-BF4B-00C04F79EFBC}") = "Samost_4.2NET", "Samost_4.2NET\Samost_4.2NET.csproj", "{23D4D36D-7F22-4F02-935F-86F0E4353E29}"
EndProject
Project("{FAE04EC0-301F-11D3-BF4B-00C04F79EFBC}") = "Samost_4.1Lib", "Samost_4.1Lib\Samost_4.1Lib.csproj", "{ABC9A3B3-53C1-480C-9387-3503F33AE5AB}"
EndProject
Project("{FAE04EC0-301F-11D3-BF4B-00C04F79EFBC}") = "Samost_4.2Lib", "Samost_4.2Lib\Samost_4.2Lib.csproj", "{CCC66772-9ABD-4E75-AC9B-CBC43A264615}"
EndProject
Global
	GlobalSection(SolutionConfigurationPlatforms) = preSolution
		Debug|Any CPU = Debug|Any CPU
		Release|Any CPU = Release|Any CPU
	EndGlobalSection
	GlobalSection(ProjectConfigurationPlatforms) = postSolution
		{08B7D302-CA74-470E-84CD-496E14D5A211}.Debug|Any CPU.ActiveCfg = Debug|Any CPU
		{08B7D302-CA74-470E-84CD-496E14D5A211}.Debug|Any CPU.Build.0 = Debug|Any CPU
		{08B7D302-CA74-470E-84CD-496E14D5A211}.Release|Any CPU.ActiveCfg = Release|Any CPU
		{08B7D302-CA74-470E-84CD-496E14D5A211}.Release|Any CPU.Build.0 = Release|Any CPU
		{0A767F73-44C3-40FE-85A1-24A40C634E69}.Debug|Any CPU.ActiveCfg = Debug|Any CPU
		{0A767F73-44C3-40FE-85A1-24A40C634E69}.Debug|Any CPU.Build.0 = Debug|Any CPU
		{0A767F73-44C3-40FE-85A1-24A40C634E69}.Release|Any CPU.ActiveCfg = Release|Any CPU
		{0A767F73-44C3-40FE-85A1-24A40C634E69}.Release|Any CPU.Build.0 = Release|Any CPU
		{04F0625E-F1FB-4193-A072-341B39EAC75F}.Debug|Any CPU.ActiveCfg = Debug|Any CPU
		{04F0625E-F1FB-4193-A072-341B39EAC75F}.Debug|Any CPU.Build.0 = Debug|Any CPU
		{04F0625E-F1FB-4193-A072-341B39EAC75F}.Release|Any CPU.ActiveCfg = Release|Any CPU
		{04F0625E-F1FB-4193-A072-341B39EAC75F}.Release|Any CPU.Build.0 = Release|Any CPU
		{651F078A-223E-4D48-AF5C-A307EC2F0C2E}.Debug|Any CPU.ActiveCfg = Debug|Any CPU
		{651F078A-223E-4D48-AF5C-A307EC2F0C2E}.Debug|Any CPU.Build.0 = Debug|Any CPU
		{651F078A-223E-4D48-AF5C-A307EC2F0C2E}.Release|Any CPU.ActiveCfg = Release|Any CPU
		{651F078A-223E-4D48-AF5C-A307EC2F0C2E}.Release|Any CPU.Build.0 = Release|Any CPU
		{D6D307C6-153D-4AB6-AC3F-2ECD2C0AE35E}.Debug|Any CPU.ActiveCfg = Debug|Any CPU
		{D6D307C6-153D-4AB6-AC3F-2ECD2C0AE35E}.Debug|Any CPU.Build.0 = Debug|Any CPU
		{D6D307C6-153D-4AB6-AC3F-2ECD2C0AE35E}.Release|Any CPU.ActiveCfg = Release|Any CPU
		{D6D307C6-153D-4AB6-AC3F-2ECD2C0AE35E}.Release|Any CPU.Build.0 = Release|Any CPU
		{7708CBD5-BDE7-49AD-B8DF-587D323F8BCA}.Debug|Any CPU.ActiveCfg = Debug|Any CPU
		{7708CBD5-BDE7-49AD-B8DF-587D323F8BCA}.Debug|Any CPU.Build.0 = Debug|Any CPU
		{7708CBD5-BDE7-49AD-B8DF-587D323F8BCA}.Release|Any CPU.ActiveCfg = Release|Any CPU
		{7708CBD5-BDE7-49AD-B8DF-587D323F8BCA}.Release|Any CPU.Build.0 = Release|Any CPU
		{B495FB5B-507A-4A78-8577-130B8E28C03F}.Debug|Any CPU.ActiveCfg = Debug|Any CPU
		{B495FB5B-507A-4A78-8577-130B8E28C03F}.Debug|Any CPU.Build.0 = Debug|Any CPU
		{B495FB5B-507A-4A78-8577-130B8E28C03F}.Release|Any CPU.ActiveCfg = Release|Any CPU
		{B495FB5B-507A-4A78-8577-130B8E28C03F}.Release|Any CPU.Build.0 = Release|Any CPU
		{E54F8B33-9399-462E-9BFF-83BF2FF3F78A}.Debug|Any CPU.ActiveCfg = Debug|Any CPU
		{E54F8B33-9399-462E-9BFF-83BF2FF3F78A}.Debug|Any CPU.Build.0 = Debug|Any CPU
		{E54F8B33-9399-462E-9BFF-83BF2FF3F78A}.Release|Any CPU.ActiveCfg = Release|Any CPU
		{E54F8B33-9399-462E-9BFF-83BF2FF3F78A}.Release|Any CPU.Build.0 = Release|Any CPU
		{2C77E109-F90A-4881-BF7E-6448853F80C9}.Debug|Any CPU.ActiveCfg = Debug|Any CPU
		{2C77E109-F90A-4881-BF7E-6448853F80C9}.Debug|Any CPU.Build.0 = Debug|Any CPU
		{2C77E109-F90A-4881-BF7E-6448853F80C9}.Release|Any CPU.ActiveCfg = Release|Any CPU
		{2C77E109-F90A-4881-BF7E-6448853F80C9}.Release|Any CPU.Build.0 = Release|Any CPU
		{A6745EBD-1F12-4196-B7B1-3AB334F1068E}.Debug|Any CPU.ActiveCfg = Debug|Any CPU
		{A6745EBD-1F12-4196-B7B1-3AB334F1068E}.Debug|Any CPU.Build.0 = Debug|Any CPU
		{A6745EBD-1F12-4196-B7B1-3AB334F1068E}.Release|Any CPU.ActiveCfg = Release|Any CPU
		{A6745EBD-1F12-4196-B7B1-3AB334F1068E}.Release|Any CPU.Build.0 = Release|Any CPU
		{86BF0B0B-8FA0-45BB-ACBC-51003E13054E}.Debug|Any CPU.ActiveCfg = Debug|Any CPU
		{86BF0B0B-8FA0-45BB-ACBC-51003E13054E}.Debug|Any CPU.Build.0 = Debug|Any CPU
		{86BF0B0B-8FA0-45BB-ACBC-51003E13054E}.Release|Any CPU.ActiveCfg = Release|Any CPU
		{86BF0B0B-8FA0-45BB-ACBC-51003E13054E}.Release|Any CPU.Build.0 = Release|Any CPU
		{CA5C526C-5AB8-44CA-887E-DB68E7371D04}.Debug|Any CPU.ActiveCfg = Debug|Any CPU
		{CA5C526C-5AB8-44CA-887E-DB68E7371D04}.Debug|Any CPU.Build.0 = Debug|Any CPU
		{CA5C526C-5AB8-44CA-887E-DB68E7371D04}.Release|Any CPU.ActiveCfg = Release|Any CPU
		{CA5C526C-5AB8-44CA-887E-DB68E7371D04}.Release|Any CPU.Build.0 = Release|Any CPU
		{6B9F932F-38B3-44AD-BA1C-45CBDC155E4E}.Debug|Any CPU.ActiveCfg = Debug|Any CPU
		{6B9F932F-38B3-44AD-BA1C-45CBDC155E4E}.Debug|Any CPU.Build.0 = Debug|Any CPU
		{6B9F932F-38B3-44AD-BA1C-45CBDC155E4E}.Release|Any CPU.ActiveCfg = Release|Any CPU
		{6B9F932F-38B3-44AD-BA1C-45CBDC155E4E}.Release|Any CPU.Build.0 = Release|Any CPU
		{23961964-5B5E-4A53-92B1-9E358D61F627}.Debug|Any CPU.ActiveCfg = Debug|Any CPU
		{23961964-5B5E-4A53-92B1-9E358D61F627}.Debug|Any CPU.Build.0 = Debug|Any CPU
		{23961964-5B5E-4A53-92B1-9E358D61F627}.Release|Any CPU.ActiveCfg = Release|Any CPU
		{23961964-5B5E-4A53-92B1-9E358D61F627}.Release|Any CPU.Build.0 = Release|Any CPU
		{9B2FF433-E2C0-44F6-9B56-E60F7DFC0B0D}.Debug|Any CPU.ActiveCfg = Debug|Any CPU
		{9B2FF433-E2C0-44F6-9B56-E60F7DFC0B0D}.Debug|Any CPU.Build.0 = Debug|Any CPU
		{9B2FF433-E2C0-44F6-9B56-E60F7DFC0B0D}.Release|Any CPU.ActiveCfg = Release|Any CPU
		{9B2FF433-E2C0-44F6-9B56-E60F7DFC0B0D}.Release|Any CPU.Build.0 = Release|Any CPU
		{1FE78832-7E45-4032-899E-C064FC096B5C}.Debug|Any CPU.ActiveCfg = Debug|Any CPU
		{1FE78832-7E45-4032-899E-C064FC096B5C}.Debug|Any CPU.Build.0 = Debug|Any CPU
		{1FE78832-7E45-4032-899E-C064FC096B5C}.Release|Any CPU.ActiveCfg = Release|Any CPU
		{1FE78832-7E45-4032-899E-C064FC096B5C}.Release|Any CPU.Build.0 = Release|Any CPU
		{70DC55F8-920C-4926-9DBA-8041BCE3CC65}.Debug|Any CPU.ActiveCfg = Debug|Any CPU
		{70DC55F8-920C-4926-9DBA-8041BCE3CC65}.Debug|Any CPU.Build.0 = Debug|Any CPU
		{70DC55F8-920C-4926-9DBA-8041BCE3CC65}.Release|Any CPU.ActiveCfg = Release|Any CPU
		{70DC55F8-920C-4926-9DBA-8041BCE3CC65}.Release|Any CPU.Build.0 = Release|Any CPU
		{BB146138-EEF3-48F8-A838-3387A816047D}.Debug|Any CPU.ActiveCfg = Debug|Any CPU
		{BB146138-EEF3-48F8-A838-3387A816047D}.Debug|Any CPU.Build.0 = Debug|Any CPU
		{BB146138-EEF3-48F8-A838-3387A816047D}.Release|Any CPU.ActiveCfg = Release|Any CPU
		{BB146138-EEF3-48F8-A838-3387A816047D}.Release|Any CPU.Build.0 = Release|Any CPU
		{23D4D36D-7F22-4F02-935F-86F0E4353E29}.Debug|Any CPU.ActiveCfg = Debug|Any CPU
		{23D4D36D-7F22-4F02-935F-86F0E4353E29}.Debug|Any CPU.Build.0 = Debug|Any CPU
		{23D4D36D-7F22-4F02-935F-86F0E4353E29}.Release|Any CPU.ActiveCfg = Release|Any CPU
		{23D4D36D-7F22-4F02-935F-86F0E4353E29}.Release|Any CPU.Build.0 = Release|Any CPU
		{ABC9A3B3-53C1-480C-9387-3503F33AE5AB}.Debug|Any CPU.ActiveCfg = Debug|Any CPU
		{ABC9A3B3-53C1-480C-9387-3503F33AE5AB}.Debug|Any CPU.Build.0 = Debug|Any CPU
		{ABC9A3B3-53C1-480C-9387-3503F33AE5AB}.Release|Any CPU.ActiveCfg = Release|Any CPU
		{ABC9A3B3-53C1-480C-9387-3503F33AE5AB}.Release|Any CPU.Build.0 = Release|Any CPU
		{CCC66772-9ABD-4E75-AC9B-CBC43A264615}.Debug|Any CPU.ActiveCfg = Debug|Any CPU
		{CCC66772-9ABD-4E75-AC9B-CBC43A264615}.Debug|Any CPU.Build.0 = Debug|Any CPU
		{CCC66772-9ABD-4E75-AC9B-CBC43A264615}.Release|Any CPU.ActiveCfg = Release|Any CPU
		{CCC66772-9ABD-4E75-AC9B-CBC43A264615}.Release|Any CPU.Build.0 = Release|Any CPU
	EndGlobalSection
	GlobalSection(SolutionProperties) = preSolution
		HideSolutionNode = FALSE
	EndGlobalSection
	GlobalSection(ExtensibilityGlobals) = postSolution
		SolutionGuid = {A9FC1F10-B94E-452B-AA98-89CD0A910962}
	EndGlobalSection
EndGlobal
