
Microsoft Visual Studio Solution File, Format Version 12.00
# Visual Studio Version 17
VisualStudioVersion = 17.7.34031.279
MinimumVisualStudioVersion = 10.0.40219.1
Project("{9A19103F-16F7-4668-BE54-9A1E7A4F7556}") = "ReaderWriter", "ReaderWriter\ReaderWriter.csproj", "{08B7D302-CA74-470E-84CD-496E14D5A211}"
EndProject
Project("{FAE04EC0-301F-11D3-BF4B-00C04F79EFBC}") = "XpathExpr", "XpathExpr\XpathExpr.csproj", "{5D943738-A001-4836-A9C1-A8FAE647E33F}"
EndProject
Global
	GlobalSection(SolutionConfigurationPlatforms) = preSolution
		Debug|Any CPU = Debug|Any CPU
		Release|Any CPU = Release|Any CPU
	EndGlobalSection
	GlobalSection(ProjectConfigurationPlatforms) = postSolution
		{08B7D302-CA74-470E-84CD-496E14D5A211}.Debug|Any CPU.ActiveCfg = Debug|Any CPU
		{08B7D302-CA74-470E-84CD-496E14D5A211}.Debug|Any CPU.Build.0 = Debug|Any CPU
		{08B7D302-CA74-470E-84CD-496E14D5A211}.Release|Any CPU.ActiveCfg = Release|Any CPU
		{08B7D302-CA74-470E-84CD-496E14D5A211}.Release|Any CPU.Build.0 = Release|Any CPU
		{5D943738-A001-4836-A9C1-A8FAE647E33F}.Debug|Any CPU.ActiveCfg = Debug|Any CPU
		{5D943738-A001-4836-A9C1-A8FAE647E33F}.Debug|Any CPU.Build.0 = Debug|Any CPU
		{5D943738-A001-4836-A9C1-A8FAE647E33F}.Release|Any CPU.ActiveCfg = Release|Any CPU
		{5D943738-A001-4836-A9C1-A8FAE647E33F}.Release|Any CPU.Build.0 = Release|Any CPU
	EndGlobalSection
	GlobalSection(SolutionProperties) = preSolution
		HideSolutionNode = FALSE
	EndGlobalSection
	GlobalSection(ExtensibilityGlobals) = postSolution
		SolutionGuid = {A9FC1F10-B94E-452B-AA98-89CD0A910962}
	EndGlobalSection
EndGlobal
